
Microsoft Visual Studio Solution File, Format Version 12.00
# Visual Studio 14
VisualStudioVersion = 14.0.24720.0
MinimumVisualStudioVersion = 10.0.40219.1
Project("{FAE04EC0-301F-11D3-BF4B-00C04F79EFBC}") = "RPN_Calculator.ConsoleApp", "RPN_Calculator.Console\RPN_Calculator.ConsoleApp.csproj", "{8E25CD5F-6A46-4E72-8DCD-6DCA690EE799}"
EndProject
Global
	GlobalSection(SolutionConfigurationPlatforms) = preSolution
		Debug|Any CPU = Debug|Any CPU
		Release|Any CPU = Release|Any CPU
	EndGlobalSection
	GlobalSection(ProjectConfigurationPlatforms) = postSolution
		{8E25CD5F-6A46-4E72-8DCD-6DCA690EE799}.Debug|Any CPU.ActiveCfg = Debug|Any CPU
		{8E25CD5F-6A46-4E72-8DCD-6DCA690EE799}.Debug|Any CPU.Build.0 = Debug|Any CPU
		{8E25CD5F-6A46-4E72-8DCD-6DCA690EE799}.Release|Any CPU.ActiveCfg = Release|Any CPU
		{8E25CD5F-6A46-4E72-8DCD-6DCA690EE799}.Release|Any CPU.Build.0 = Release|Any CPU
	EndGlobalSection
	GlobalSection(SolutionProperties) = preSolution
		HideSolutionNode = FALSE
	EndGlobalSection
EndGlobal
